// !$*UTF8*$!
{
	archiveVersion = 1;
	classes = {
	};
	objectVersion = 48;
	objects = {

/* Begin PBXBuildFile section */
		250FDA842AA1C5918EA2C9A4 /* Pods_PhotoBooth.framework in Frameworks */ = {isa = PBXBuildFile; fileRef = 525BD4953FEB31DE71618CCA /* Pods_PhotoBooth.framework */; };
		F15D8B842012E91100F237E8 /* AppDelegate.swift in Sources */ = {isa = PBXBuildFile; fileRef = F15D8B832012E91100F237E8 /* AppDelegate.swift */; };
		F15D8B862012E91100F237E8 /* ViewController.swift in Sources */ = {isa = PBXBuildFile; fileRef = F15D8B852012E91100F237E8 /* ViewController.swift */; };
		F15D8B892012E91100F237E8 /* Main.storyboard in Resources */ = {isa = PBXBuildFile; fileRef = F15D8B872012E91100F237E8 /* Main.storyboard */; };
		F15D8B8B2012E91100F237E8 /* Assets.xcassets in Resources */ = {isa = PBXBuildFile; fileRef = F15D8B8A2012E91100F237E8 /* Assets.xcassets */; };
		F15D8B8E2012E91100F237E8 /* LaunchScreen.storyboard in Resources */ = {isa = PBXBuildFile; fileRef = F15D8B8C2012E91100F237E8 /* LaunchScreen.storyboard */; };
		F15D8B962012F54500F237E8 /* Renderer.swift in Sources */ = {isa = PBXBuildFile; fileRef = F15D8B952012F54500F237E8 /* Renderer.swift */; };
/* End PBXBuildFile section */

/* Begin PBXFileReference section */
		525BD4953FEB31DE71618CCA /* Pods_PhotoBooth.framework */ = {isa = PBXFileReference; explicitFileType = wrapper.framework; includeInIndex = 0; path = Pods_PhotoBooth.framework; sourceTree = BUILT_PRODUCTS_DIR; };
		D0237062A7A0651B9E5ECC6A /* Pods-PhotoBooth.release.xcconfig */ = {isa = PBXFileReference; includeInIndex = 1; lastKnownFileType = text.xcconfig; name = "Pods-PhotoBooth.release.xcconfig"; path = "Pods/Target Support Files/Pods-PhotoBooth/Pods-PhotoBooth.release.xcconfig"; sourceTree = "<group>"; };
		E7EC7F5DB48CDBA230A1B416 /* Pods-PhotoBooth.debug.xcconfig */ = {isa = PBXFileReference; includeInIndex = 1; lastKnownFileType = text.xcconfig; name = "Pods-PhotoBooth.debug.xcconfig"; path = "Pods/Target Support Files/Pods-PhotoBooth/Pods-PhotoBooth.debug.xcconfig"; sourceTree = "<group>"; };
		F15D8B802012E91100F237E8 /* PhotoBooth.app */ = {isa = PBXFileReference; explicitFileType = wrapper.application; includeInIndex = 0; path = PhotoBooth.app; sourceTree = BUILT_PRODUCTS_DIR; };
		F15D8B832012E91100F237E8 /* AppDelegate.swift */ = {isa = PBXFileReference; lastKnownFileType = sourcecode.swift; path = AppDelegate.swift; sourceTree = "<group>"; };
		F15D8B852012E91100F237E8 /* ViewController.swift */ = {isa = PBXFileReference; lastKnownFileType = sourcecode.swift; path = ViewController.swift; sourceTree = "<group>"; };
		F15D8B882012E91100F237E8 /* Base */ = {isa = PBXFileReference; lastKnownFileType = file.storyboard; name = Base; path = Base.lproj/Main.storyboard; sourceTree = "<group>"; };
		F15D8B8A2012E91100F237E8 /* Assets.xcassets */ = {isa = PBXFileReference; lastKnownFileType = folder.assetcatalog; path = Assets.xcassets; sourceTree = "<group>"; };
		F15D8B8D2012E91100F237E8 /* Base */ = {isa = PBXFileReference; lastKnownFileType = file.storyboard; name = Base; path = Base.lproj/LaunchScreen.storyboard; sourceTree = "<group>"; };
		F15D8B8F2012E91100F237E8 /* Info.plist */ = {isa = PBXFileReference; lastKnownFileType = text.plist.xml; path = Info.plist; sourceTree = "<group>"; };
		F15D8B952012F54500F237E8 /* Renderer.swift */ = {isa = PBXFileReference; lastKnownFileType = sourcecode.swift; path = Renderer.swift; sourceTree = "<group>"; };
/* End PBXFileReference section */

/* Begin PBXFrameworksBuildPhase section */
		F15D8B7D2012E91100F237E8 /* Frameworks */ = {
			isa = PBXFrameworksBuildPhase;
			buildActionMask = 2147483647;
			files = (
				250FDA842AA1C5918EA2C9A4 /* Pods_PhotoBooth.framework in Frameworks */,
			);
			runOnlyForDeploymentPostprocessing = 0;
		};
/* End PBXFrameworksBuildPhase section */

/* Begin PBXGroup section */
		37CB3E4459E6CEE4A11D3B3F /* Pods */ = {
			isa = PBXGroup;
			children = (
				E7EC7F5DB48CDBA230A1B416 /* Pods-PhotoBooth.debug.xcconfig */,
				D0237062A7A0651B9E5ECC6A /* Pods-PhotoBooth.release.xcconfig */,
			);
			name = Pods;
			sourceTree = "<group>";
		};
		B6C6FFBD928AD86C521FCEAE /* Frameworks */ = {
			isa = PBXGroup;
			children = (
				525BD4953FEB31DE71618CCA /* Pods_PhotoBooth.framework */,
			);
			name = Frameworks;
			sourceTree = "<group>";
		};
		F15D8B772012E91100F237E8 = {
			isa = PBXGroup;
			children = (
				F15D8B822012E91100F237E8 /* PhotoBooth */,
				F15D8B812012E91100F237E8 /* Products */,
				37CB3E4459E6CEE4A11D3B3F /* Pods */,
				B6C6FFBD928AD86C521FCEAE /* Frameworks */,
			);
			sourceTree = "<group>";
		};
		F15D8B812012E91100F237E8 /* Products */ = {
			isa = PBXGroup;
			children = (
				F15D8B802012E91100F237E8 /* PhotoBooth.app */,
			);
			name = Products;
			sourceTree = "<group>";
		};
		F15D8B822012E91100F237E8 /* PhotoBooth */ = {
			isa = PBXGroup;
			children = (
				F15D8B832012E91100F237E8 /* AppDelegate.swift */,
				F15D8B852012E91100F237E8 /* ViewController.swift */,
				F15D8B952012F54500F237E8 /* Renderer.swift */,
				F15D8B872012E91100F237E8 /* Main.storyboard */,
				F15D8B8A2012E91100F237E8 /* Assets.xcassets */,
				F15D8B8C2012E91100F237E8 /* LaunchScreen.storyboard */,
				F15D8B8F2012E91100F237E8 /* Info.plist */,
			);
			path = PhotoBooth;
			sourceTree = "<group>";
		};
/* End PBXGroup section */

/* Begin PBXNativeTarget section */
		F15D8B7F2012E91100F237E8 /* PhotoBooth */ = {
			isa = PBXNativeTarget;
			buildConfigurationList = F15D8B922012E91100F237E8 /* Build configuration list for PBXNativeTarget "PhotoBooth" */;
			buildPhases = (
				A9C1C231278253EAFA4424F1 /* [CP] Check Pods Manifest.lock */,
				F15D8B7C2012E91100F237E8 /* Sources */,
				F15D8B7D2012E91100F237E8 /* Frameworks */,
				F15D8B7E2012E91100F237E8 /* Resources */,
				3D885976FBAA746E814CDD74 /* [CP] Embed Pods Frameworks */,
				EB69F1447DAD254F29F9AAE1 /* [CP] Copy Pods Resources */,
			);
			buildRules = (
			);
			dependencies = (
			);
			name = PhotoBooth;
			productName = PhotoBooth;
			productReference = F15D8B802012E91100F237E8 /* PhotoBooth.app */;
			productType = "com.apple.product-type.application";
		};
/* End PBXNativeTarget section */

/* Begin PBXProject section */
		F15D8B782012E91100F237E8 /* Project object */ = {
			isa = PBXProject;
			attributes = {
				LastSwiftUpdateCheck = 0920;
				LastUpgradeCheck = 0920;
				ORGANIZATIONNAME = Rplcat;
				TargetAttributes = {
					F15D8B7F2012E91100F237E8 = {
						CreatedOnToolsVersion = 9.2;
						ProvisioningStyle = Automatic;
					};
				};
			};
			buildConfigurationList = F15D8B7B2012E91100F237E8 /* Build configuration list for PBXProject "PhotoBooth" */;
			compatibilityVersion = "Xcode 8.0";
			developmentRegion = en;
			hasScannedForEncodings = 0;
			knownRegions = (
				en,
				Base,
			);
			mainGroup = F15D8B772012E91100F237E8;
			productRefGroup = F15D8B812012E91100F237E8 /* Products */;
			projectDirPath = "";
			projectRoot = "";
			targets = (
				F15D8B7F2012E91100F237E8 /* PhotoBooth */,
			);
		};
/* End PBXProject section */

/* Begin PBXResourcesBuildPhase section */
		F15D8B7E2012E91100F237E8 /* Resources */ = {
			isa = PBXResourcesBuildPhase;
			buildActionMask = 2147483647;
			files = (
				F15D8B8E2012E91100F237E8 /* LaunchScreen.storyboard in Resources */,
				F15D8B8B2012E91100F237E8 /* Assets.xcassets in Resources */,
				F15D8B892012E91100F237E8 /* Main.storyboard in Resources */,
			);
			runOnlyForDeploymentPostprocessing = 0;
		};
/* End PBXResourcesBuildPhase section */

/* Begin PBXShellScriptBuildPhase section */
		3D885976FBAA746E814CDD74 /* [CP] Embed Pods Frameworks */ = {
			isa = PBXShellScriptBuildPhase;
			buildActionMask = 2147483647;
			files = (
			);
			inputPaths = (
				"${SRCROOT}/Pods/Target Support Files/Pods-PhotoBooth/Pods-PhotoBooth-frameworks.sh",
				"${BUILT_PRODUCTS_DIR}/LiveCameraView/LiveCameraView.framework",
			);
			name = "[CP] Embed Pods Frameworks";
			outputPaths = (
				"${TARGET_BUILD_DIR}/${FRAMEWORKS_FOLDER_PATH}/LiveCameraView.framework",
			);
			runOnlyForDeploymentPostprocessing = 0;
			shellPath = /bin/sh;
			shellScript = "\"${SRCROOT}/Pods/Target Support Files/Pods-PhotoBooth/Pods-PhotoBooth-frameworks.sh\"\n";
			showEnvVarsInLog = 0;
		};
		A9C1C231278253EAFA4424F1 /* [CP] Check Pods Manifest.lock */ = {
			isa = PBXShellScriptBuildPhase;
			buildActionMask = 2147483647;
			files = (
			);
			inputPaths = (
				"${PODS_PODFILE_DIR_PATH}/Podfile.lock",
				"${PODS_ROOT}/Manifest.lock",
			);
			name = "[CP] Check Pods Manifest.lock";
			outputPaths = (
				"$(DERIVED_FILE_DIR)/Pods-PhotoBooth-checkManifestLockResult.txt",
			);
			runOnlyForDeploymentPostprocessing = 0;
			shellPath = /bin/sh;
			shellScript = "diff \"${PODS_PODFILE_DIR_PATH}/Podfile.lock\" \"${PODS_ROOT}/Manifest.lock\" > /dev/null\nif [ $? != 0 ] ; then\n    # print error to STDERR\n    echo \"error: The sandbox is not in sync with the Podfile.lock. Run 'pod install' or update your CocoaPods installation.\" >&2\n    exit 1\nfi\n# This output is used by Xcode 'outputs' to avoid re-running this script phase.\necho \"SUCCESS\" > \"${SCRIPT_OUTPUT_FILE_0}\"\n";
			showEnvVarsInLog = 0;
		};
		EB69F1447DAD254F29F9AAE1 /* [CP] Copy Pods Resources */ = {
			isa = PBXShellScriptBuildPhase;
			buildActionMask = 2147483647;
			files = (
			);
			inputPaths = (
			);
			name = "[CP] Copy Pods Resources";
			outputPaths = (
			);
			runOnlyForDeploymentPostprocessing = 0;
			shellPath = /bin/sh;
			shellScript = "\"${SRCROOT}/Pods/Target Support Files/Pods-PhotoBooth/Pods-PhotoBooth-resources.sh\"\n";
			showEnvVarsInLog = 0;
		};
/* End PBXShellScriptBuildPhase section */

/* Begin PBXSourcesBuildPhase section */
		F15D8B7C2012E91100F237E8 /* Sources */ = {
			isa = PBXSourcesBuildPhase;
			buildActionMask = 2147483647;
			files = (
				F15D8B862012E91100F237E8 /* ViewController.swift in Sources */,
				F15D8B962012F54500F237E8 /* Renderer.swift in Sources */,
				F15D8B842012E91100F237E8 /* AppDelegate.swift in Sources */,
			);
			runOnlyForDeploymentPostprocessing = 0;
		};
/* End PBXSourcesBuildPhase section */

/* Begin PBXVariantGroup section */
		F15D8B872012E91100F237E8 /* Main.storyboard */ = {
			isa = PBXVariantGroup;
			children = (
				F15D8B882012E91100F237E8 /* Base */,
			);
			name = Main.storyboard;
			sourceTree = "<group>";
		};
		F15D8B8C2012E91100F237E8 /* LaunchScreen.storyboard */ = {
			isa = PBXVariantGroup;
			children = (
				F15D8B8D2012E91100F237E8 /* Base */,
			);
			name = LaunchScreen.storyboard;
			sourceTree = "<group>";
		};
/* End PBXVariantGroup section */

/* Begin XCBuildConfiguration section */
		F15D8B902012E91100F237E8 /* Debug */ = {
			isa = XCBuildConfiguration;
			buildSettings = {
				ALWAYS_SEARCH_USER_PATHS = NO;
				CLANG_ANALYZER_NONNULL = YES;
				CLANG_ANALYZER_NUMBER_OBJECT_CONVERSION = YES_AGGRESSIVE;
				CLANG_CXX_LANGUAGE_STANDARD = "gnu++14";
				CLANG_CXX_LIBRARY = "libc++";
				CLANG_ENABLE_MODULES = YES;
				CLANG_ENABLE_OBJC_ARC = YES;
				CLANG_WARN_BLOCK_CAPTURE_AUTORELEASING = YES;
				CLANG_WARN_BOOL_CONVERSION = YES;
				CLANG_WARN_COMMA = YES;
				CLANG_WARN_CONSTANT_CONVERSION = YES;
				CLANG_WARN_DIRECT_OBJC_ISA_USAGE = YES_ERROR;
				CLANG_WARN_DOCUMENTATION_COMMENTS = YES;
				CLANG_WARN_EMPTY_BODY = YES;
				CLANG_WARN_ENUM_CONVERSION = YES;
				CLANG_WARN_INFINITE_RECURSION = YES;
				CLANG_WARN_INT_CONVERSION = YES;
				CLANG_WARN_NON_LITERAL_NULL_CONVERSION = YES;
				CLANG_WARN_OBJC_LITERAL_CONVERSION = YES;
				CLANG_WARN_OBJC_ROOT_CLASS = YES_ERROR;
				CLANG_WARN_RANGE_LOOP_ANALYSIS = YES;
				CLANG_WARN_STRICT_PROTOTYPES = YES;
				CLANG_WARN_SUSPICIOUS_MOVE = YES;
				CLANG_WARN_UNGUARDED_AVAILABILITY = YES_AGGRESSIVE;
				CLANG_WARN_UNREACHABLE_CODE = YES;
				CLANG_WARN__DUPLICATE_METHOD_MATCH = YES;
				CODE_SIGN_IDENTITY = "iPhone Developer";
				COPY_PHASE_STRIP = NO;
				DEBUG_INFORMATION_FORMAT = dwarf;
				ENABLE_STRICT_OBJC_MSGSEND = YES;
				ENABLE_TESTABILITY = YES;
				GCC_C_LANGUAGE_STANDARD = gnu11;
				GCC_DYNAMIC_NO_PIC = NO;
				GCC_NO_COMMON_BLOCKS = YES;
				GCC_OPTIMIZATION_LEVEL = 0;
				GCC_PREPROCESSOR_DEFINITIONS = (
					"DEBUG=1",
					"$(inherited)",
				);
				GCC_WARN_64_TO_32_BIT_CONVERSION = YES;
				GCC_WARN_ABOUT_RETURN_TYPE = YES_ERROR;
				GCC_WARN_UNDECLARED_SELECTOR = YES;
				GCC_WARN_UNINITIALIZED_AUTOS = YES_AGGRESSIVE;
				GCC_WARN_UNUSED_FUNCTION = YES;
				GCC_WARN_UNUSED_VARIABLE = YES;
				IPHONEOS_DEPLOYMENT_TARGET = 11.2;
				MTL_ENABLE_DEBUG_INFO = YES;
				ONLY_ACTIVE_ARCH = YES;
				SDKROOT = iphoneos;
				SWIFT_ACTIVE_COMPILATION_CONDITIONS = DEBUG;
				SWIFT_OPTIMIZATION_LEVEL = "-Onone";
			};
			name = Debug;
		};
		F15D8B912012E91100F237E8 /* Release */ = {
			isa = XCBuildConfiguration;
			buildSettings = {
				ALWAYS_SEARCH_USER_PATHS = NO;
				CLANG_ANALYZER_NONNULL = YES;
				CLANG_ANALYZER_NUMBER_OBJECT_CONVERSION = YES_AGGRESSIVE;
				CLANG_CXX_LANGUAGE_STANDARD = "gnu++14";
				CLANG_CXX_LIBRARY = "libc++";
				CLANG_ENABLE_MODULES = YES;
				CLANG_ENABLE_OBJC_ARC = YES;
				CLANG_WARN_BLOCK_CAPTURE_AUTORELEASING = YES;
				CLANG_WARN_BOOL_CONVERSION = YES;
				CLANG_WARN_COMMA = YES;
				CLANG_WARN_CONSTANT_CONVERSION = YES;
				CLANG_WARN_DIRECT_OBJC_ISA_USAGE = YES_ERROR;
				CLANG_WARN_DOCUMENTATION_COMMENTS = YES;
				CLANG_WARN_EMPTY_BODY = YES;
				CLANG_WARN_ENUM_CONVERSION = YES;
				CLANG_WARN_INFINITE_RECURSION = YES;
				CLANG_WARN_INT_CONVERSION = YES;
				CLANG_WARN_NON_LITERAL_NULL_CONVERSION = YES;
				CLANG_WARN_OBJC_LITERAL_CONVERSION = YES;
				CLANG_WARN_OBJC_ROOT_CLASS = YES_ERROR;
				CLANG_WARN_RANGE_LOOP_ANALYSIS = YES;
				CLANG_WARN_STRICT_PROTOTYPES = YES;
				CLANG_WARN_SUSPICIOUS_MOVE = YES;
				CLANG_WARN_UNGUARDED_AVAILABILITY = YES_AGGRESSIVE;
				CLANG_WARN_UNREACHABLE_CODE = YES;
				CLANG_WARN__DUPLICATE_METHOD_MATCH = YES;
				CODE_SIGN_IDENTITY = "iPhone Developer";
				COPY_PHASE_STRIP = NO;
				DEBUG_INFORMATION_FORMAT = "dwarf-with-dsym";
				ENABLE_NS_ASSERTIONS = NO;
				ENABLE_STRICT_OBJC_MSGSEND = YES;
				GCC_C_LANGUAGE_STANDARD = gnu11;
				GCC_NO_COMMON_BLOCKS = YES;
				GCC_WARN_64_TO_32_BIT_CONVERSION = YES;
				GCC_WARN_ABOUT_RETURN_TYPE = YES_ERROR;
				GCC_WARN_UNDECLARED_SELECTOR = YES;
				GCC_WARN_UNINITIALIZED_AUTOS = YES_AGGRESSIVE;
				GCC_WARN_UNUSED_FUNCTION = YES;
				GCC_WARN_UNUSED_VARIABLE = YES;
				IPHONEOS_DEPLOYMENT_TARGET = 11.2;
				MTL_ENABLE_DEBUG_INFO = NO;
				SDKROOT = iphoneos;
				SWIFT_OPTIMIZATION_LEVEL = "-Owholemodule";
				VALIDATE_PRODUCT = YES;
			};
			name = Release;
		};
		F15D8B932012E91100F237E8 /* Debug */ = {
			isa = XCBuildConfiguration;
			baseConfigurationReference = E7EC7F5DB48CDBA230A1B416 /* Pods-PhotoBooth.debug.xcconfig */;
			buildSettings = {
				ASSETCATALOG_COMPILER_APPICON_NAME = AppIcon;
				CODE_SIGN_STYLE = Automatic;
				DEVELOPMENT_TEAM = B42KF28245;
				INFOPLIST_FILE = PhotoBooth/Info.plist;
				IPHONEOS_DEPLOYMENT_TARGET = 9.3;
				LD_RUNPATH_SEARCH_PATHS = "$(inherited) @executable_path/Frameworks";
				PRODUCT_BUNDLE_IDENTIFIER = com.jeffrafter.PhotoBooth;
				PRODUCT_NAME = "$(TARGET_NAME)";
				SWIFT_VERSION = 4.0;
				TARGETED_DEVICE_FAMILY = "1,2";
			};
			name = Debug;
		};
		F15D8B942012E91100F237E8 /* Release */ = {
			isa = XCBuildConfiguration;
			baseConfigurationReference = D0237062A7A0651B9E5ECC6A /* Pods-PhotoBooth.release.xcconfig */;
			buildSettings = {
				ASSETCATALOG_COMPILER_APPICON_NAME = AppIcon;
				CODE_SIGN_STYLE = Automatic;
				DEVELOPMENT_TEAM = B42KF28245;
				INFOPLIST_FILE = PhotoBooth/Info.plist;
				IPHONEOS_DEPLOYMENT_TARGET = 9.3;
				LD_RUNPATH_SEARCH_PATHS = "$(inherited) @executable_path/Frameworks";
				PRODUCT_BUNDLE_IDENTIFIER = com.jeffrafter.PhotoBooth;
				PRODUCT_NAME = "$(TARGET_NAME)";
				SWIFT_VERSION = 4.0;
				TARGETED_DEVICE_FAMILY = "1,2";
			};
			name = Release;
		};
/* End XCBuildConfiguration section */

/* Begin XCConfigurationList section */
		F15D8B7B2012E91100F237E8 /* Build configuration list for PBXProject "PhotoBooth" */ = {
			isa = XCConfigurationList;
			buildConfigurations = (
				F15D8B902012E91100F237E8 /* Debug */,
				F15D8B912012E91100F237E8 /* Release */,
			);
			defaultConfigurationIsVisible = 0;
			defaultConfigurationName = Release;
		};
		F15D8B922012E91100F237E8 /* Build configuration list for PBXNativeTarget "PhotoBooth" */ = {
			isa = XCConfigurationList;
			buildConfigurations = (
				F15D8B932012E91100F237E8 /* Debug */,
				F15D8B942012E91100F237E8 /* Release */,
			);
			defaultConfigurationIsVisible = 0;
			defaultConfigurationName = Release;
		};
/* End XCConfigurationList section */
	};
	rootObject = F15D8B782012E91100F237E8 /* Project object */;
}
